PODS:
  - AEXML (4.0.1)
  - ReactiveCocoa (5.0.0):
    - ReactiveSwift (~> 1.0.0)
  - ReactiveSwift (1.0.0):
    - Result (~> 3.1)
  - Result (3.1.0)
  - SDWebImage (3.8.2):
    - SDWebImage/Core (= 3.8.2)
  - SDWebImage/Core (3.8.2)

DEPENDENCIES:
  - AEXML
  - ReactiveCocoa (~> 5.0.0)
  - SDWebImage (~> 3.8)

SPEC CHECKSUMS:
  AEXML: 905e50474c0a261d335aa8be4ee32d22d69b6fd5
  ReactiveCocoa: 60ef0da915b4f70c34ebecc3f4fb8f96af0e53d6
  ReactiveSwift: f391724ee318a2cfd3e37dfb041cd49ecf4e7869
  Result: 4e3ed5995ed94d0cd6a09be9a431fce3f3624bbf
  SDWebImage: 098e97e6176540799c27e804c96653ee0833d13c

PODFILE CHECKSUM: affd69dd3bebe4d1d89ec003111cc392605d9d04

COCOAPODS: 1.1.1
