// !$*UTF8*$!
{
	archiveVersion = 1;
	classes = {
	};
	objectVersion = 46;
	objects = {

/* Begin PBXBuildFile section */
		342E56361E38C3D400549A3B /* AppDelegate.swift in Sources */ = {isa = PBXBuildFile; fileRef = 342E56351E38C3D400549A3B /* AppDelegate.swift */; };
		342E563B1E38C3D400549A3B /* Main.storyboard in Resources */ = {isa = PBXBuildFile; fileRef = 342E56391E38C3D400549A3B /* Main.storyboard */; };
		342E563E1E38C3D400549A3B /* bbc_feed_reader.xcdatamodeld in Sources */ = {isa = PBXBuildFile; fileRef = 342E563C1E38C3D400549A3B /* bbc_feed_reader.xcdatamodeld */; };
		342E56401E38C3D400549A3B /* Assets.xcassets in Resources */ = {isa = PBXBuildFile; fileRef = 342E563F1E38C3D400549A3B /* Assets.xcassets */; };
		342E56431E38C3D400549A3B /* LaunchScreen.storyboard in Resources */ = {isa = PBXBuildFile; fileRef = 342E56411E38C3D400549A3B /* LaunchScreen.storyboard */; };
		345DA4EA1E3A1F1E00D0CA1E /* NewsPost.swift in Sources */ = {isa = PBXBuildFile; fileRef = 345DA4E91E3A1F1E00D0CA1E /* NewsPost.swift */; };
		345DA4EC1E3A1FE000D0CA1E /* ApiService.swift in Sources */ = {isa = PBXBuildFile; fileRef = 345DA4EB1E3A1FE000D0CA1E /* ApiService.swift */; };
		345DA4EE1E3A226400D0CA1E /* NewsPost+Parsable.swift in Sources */ = {isa = PBXBuildFile; fileRef = 345DA4ED1E3A226400D0CA1E /* NewsPost+Parsable.swift */; };
		345DA4F11E3A261900D0CA1E /* StorageService.swift in Sources */ = {isa = PBXBuildFile; fileRef = 345DA4EF1E3A261900D0CA1E /* StorageService.swift */; };
		345DA4F21E3A261900D0CA1E /* NewsPost+CoreData.swift in Sources */ = {isa = PBXBuildFile; fileRef = 345DA4F01E3A261900D0CA1E /* NewsPost+CoreData.swift */; };
		34A057691E3A0A7E005DEB6E /* RootTabBarViewController.swift in Sources */ = {isa = PBXBuildFile; fileRef = 34A057681E3A0A7E005DEB6E /* RootTabBarViewController.swift */; };
		34A0576B1E3A0C48005DEB6E /* RootViewModel.swift in Sources */ = {isa = PBXBuildFile; fileRef = 34A0576A1E3A0C48005DEB6E /* RootViewModel.swift */; };
		34A057931E3A0F66005DEB6E /* UITableViewCell+Reusing.swift in Sources */ = {isa = PBXBuildFile; fileRef = 34A057911E3A0F66005DEB6E /* UITableViewCell+Reusing.swift */; };
		34A057941E3A0F66005DEB6E /* UICollectionViewCell+Reusing.swift in Sources */ = {isa = PBXBuildFile; fileRef = 34A057921E3A0F66005DEB6E /* UICollectionViewCell+Reusing.swift */; };
		34A057961E3A0FDB005DEB6E /* UIView+Binding.swift in Sources */ = {isa = PBXBuildFile; fileRef = 34A057951E3A0FDB005DEB6E /* UIView+Binding.swift */; };
		34A057991E3A11BF005DEB6E /* UIViewController+Binding.swift in Sources */ = {isa = PBXBuildFile; fileRef = 34A057971E3A11BF005DEB6E /* UIViewController+Binding.swift */; };
		34A0579A1E3A11BF005DEB6E /* UIViewController+Storyboard.swift in Sources */ = {isa = PBXBuildFile; fileRef = 34A057981E3A11BF005DEB6E /* UIViewController+Storyboard.swift */; };
		34A0579C1E3A12A3005DEB6E /* Signal+Observing.swift in Sources */ = {isa = PBXBuildFile; fileRef = 34A0579B1E3A12A3005DEB6E /* Signal+Observing.swift */; };
		34A057A21E3A1373005DEB6E /* Date+Format.swift in Sources */ = {isa = PBXBuildFile; fileRef = 34A057A01E3A1373005DEB6E /* Date+Format.swift */; };
		34A057A71E3A1619005DEB6E /* Storyboard.swift in Sources */ = {isa = PBXBuildFile; fileRef = 34A057A61E3A1619005DEB6E /* Storyboard.swift */; };
		34A057AA1E3A168A005DEB6E /* AppEnvironment.swift in Sources */ = {isa = PBXBuildFile; fileRef = 34A057A81E3A168A005DEB6E /* AppEnvironment.swift */; };
		34A057AB1E3A168A005DEB6E /* Environment.swift in Sources */ = {isa = PBXBuildFile; fileRef = 34A057A91E3A168A005DEB6E /* Environment.swift */; };
		34A057AD1E3A174D005DEB6E /* NewsCategory.swift in Sources */ = {isa = PBXBuildFile; fileRef = 34A057AC1E3A174D005DEB6E /* NewsCategory.swift */; };
		34A057AF1E3A183D005DEB6E /* Method.swift in Sources */ = {isa = PBXBuildFile; fileRef = 34A057AE1E3A183D005DEB6E /* Method.swift */; };
		34A057B11E3A1880005DEB6E /* Route.swift in Sources */ = {isa = PBXBuildFile; fileRef = 34A057B01E3A1880005DEB6E /* Route.swift */; };
		34A057B31E3A198B005DEB6E /* ServerConfig.swift in Sources */ = {isa = PBXBuildFile; fileRef = 34A057B21E3A198B005DEB6E /* ServerConfig.swift */; };
		34A057B51E3A19C9005DEB6E /* Parsable.swift in Sources */ = {isa = PBXBuildFile; fileRef = 34A057B41E3A19C9005DEB6E /* Parsable.swift */; };
		34A057B71E3A1AF8005DEB6E /* BBCError.swift in Sources */ = {isa = PBXBuildFile; fileRef = 34A057B61E3A1AF8005DEB6E /* BBCError.swift */; };
		88638FC40DD49E5768EE3041 /* Pods_bbc_feed_reader.framework in Frameworks */ = {isa = PBXBuildFile; fileRef = 0FF6DF77B1981F04F50A1B41 /* Pods_bbc_feed_reader.framework */; };
/* End PBXBuildFile section */

/* Begin PBXFileReference section */
		0FF6DF77B1981F04F50A1B41 /* Pods_bbc_feed_reader.framework */ = {isa = PBXFileReference; explicitFileType = wrapper.framework; includeInIndex = 0; path = Pods_bbc_feed_reader.framework; sourceTree = BUILT_PRODUCTS_DIR; };
		342E56321E38C3D400549A3B /* bbc-feed-reader.app */ = {isa = PBXFileReference; explicitFileType = wrapper.application; includeInIndex = 0; path = "bbc-feed-reader.app"; sourceTree = BUILT_PRODUCTS_DIR; };
		342E56351E38C3D400549A3B /* AppDelegate.swift */ = {isa = PBXFileReference; lastKnownFileType = sourcecode.swift; path = AppDelegate.swift; sourceTree = "<group>"; };
		342E563A1E38C3D400549A3B /* Base */ = {isa = PBXFileReference; lastKnownFileType = file.storyboard; name = Base; path = Base.lproj/Main.storyboard; sourceTree = "<group>"; };
		342E563D1E38C3D400549A3B /* bbc_feed_reader.xcdatamodel */ = {isa = PBXFileReference; lastKnownFileType = wrapper.xcdatamodel; path = bbc_feed_reader.xcdatamodel; sourceTree = "<group>"; };
		342E563F1E38C3D400549A3B /* Assets.xcassets */ = {isa = PBXFileReference; lastKnownFileType = folder.assetcatalog; path = Assets.xcassets; sourceTree = "<group>"; };
		342E56421E38C3D400549A3B /* Base */ = {isa = PBXFileReference; lastKnownFileType = file.storyboard; name = Base; path = Base.lproj/LaunchScreen.storyboard; sourceTree = "<group>"; };
		342E56441E38C3D400549A3B /* Info.plist */ = {isa = PBXFileReference; lastKnownFileType = text.plist.xml; path = Info.plist; sourceTree = "<group>"; };
		345DA4E91E3A1F1E00D0CA1E /* NewsPost.swift */ = {isa = PBXFileReference; fileEncoding = 4; lastKnownFileType = sourcecode.swift; path = NewsPost.swift; sourceTree = "<group>"; };
		345DA4EB1E3A1FE000D0CA1E /* ApiService.swift */ = {isa = PBXFileReference; fileEncoding = 4; lastKnownFileType = sourcecode.swift; path = ApiService.swift; sourceTree = "<group>"; };
		345DA4ED1E3A226400D0CA1E /* NewsPost+Parsable.swift */ = {isa = PBXFileReference; fileEncoding = 4; lastKnownFileType = sourcecode.swift; path = "NewsPost+Parsable.swift"; sourceTree = "<group>"; };
		345DA4EF1E3A261900D0CA1E /* StorageService.swift */ = {isa = PBXFileReference; fileEncoding = 4; lastKnownFileType = sourcecode.swift; path = StorageService.swift; sourceTree = "<group>"; };
		345DA4F01E3A261900D0CA1E /* NewsPost+CoreData.swift */ = {isa = PBXFileReference; fileEncoding = 4; lastKnownFileType = sourcecode.swift; path = "NewsPost+CoreData.swift"; sourceTree = "<group>"; };
		34A057681E3A0A7E005DEB6E /* RootTabBarViewController.swift */ = {isa = PBXFileReference; fileEncoding = 4; lastKnownFileType = sourcecode.swift; path = RootTabBarViewController.swift; sourceTree = "<group>"; };
		34A0576A1E3A0C48005DEB6E /* RootViewModel.swift */ = {isa = PBXFileReference; fileEncoding = 4; lastKnownFileType = sourcecode.swift; path = RootViewModel.swift; sourceTree = "<group>"; };
		34A057911E3A0F66005DEB6E /* UITableViewCell+Reusing.swift */ = {isa = PBXFileReference; fileEncoding = 4; lastKnownFileType = sourcecode.swift; path = "UITableViewCell+Reusing.swift"; sourceTree = "<group>"; };
		34A057921E3A0F66005DEB6E /* UICollectionViewCell+Reusing.swift */ = {isa = PBXFileReference; fileEncoding = 4; lastKnownFileType = sourcecode.swift; path = "UICollectionViewCell+Reusing.swift"; sourceTree = "<group>"; };
		34A057951E3A0FDB005DEB6E /* UIView+Binding.swift */ = {isa = PBXFileReference; fileEncoding = 4; lastKnownFileType = sourcecode.swift; path = "UIView+Binding.swift"; sourceTree = "<group>"; };
		34A057971E3A11BF005DEB6E /* UIViewController+Binding.swift */ = {isa = PBXFileReference; fileEncoding = 4; lastKnownFileType = sourcecode.swift; path = "UIViewController+Binding.swift"; sourceTree = "<group>"; };
		34A057981E3A11BF005DEB6E /* UIViewController+Storyboard.swift */ = {isa = PBXFileReference; fileEncoding = 4; lastKnownFileType = sourcecode.swift; path = "UIViewController+Storyboard.swift"; sourceTree = "<group>"; };
		34A0579B1E3A12A3005DEB6E /* Signal+Observing.swift */ = {isa = PBXFileReference; fileEncoding = 4; lastKnownFileType = sourcecode.swift; path = "Signal+Observing.swift"; sourceTree = "<group>"; };
		34A057A01E3A1373005DEB6E /* Date+Format.swift */ = {isa = PBXFileReference; fileEncoding = 4; lastKnownFileType = sourcecode.swift; path = "Date+Format.swift"; sourceTree = "<group>"; };
		34A057A61E3A1619005DEB6E /* Storyboard.swift */ = {isa = PBXFileReference; fileEncoding = 4; lastKnownFileType = sourcecode.swift; path = Storyboard.swift; sourceTree = "<group>"; };
		34A057A81E3A168A005DEB6E /* AppEnvironment.swift */ = {isa = PBXFileReference; fileEncoding = 4; lastKnownFileType = sourcecode.swift; path = AppEnvironment.swift; sourceTree = "<group>"; };
		34A057A91E3A168A005DEB6E /* Environment.swift */ = {isa = PBXFileReference; fileEncoding = 4; lastKnownFileType = sourcecode.swift; path = Environment.swift; sourceTree = "<group>"; };
		34A057AC1E3A174D005DEB6E /* NewsCategory.swift */ = {isa = PBXFileReference; fileEncoding = 4; lastKnownFileType = sourcecode.swift; path = NewsCategory.swift; sourceTree = "<group>"; };
		34A057AE1E3A183D005DEB6E /* Method.swift */ = {isa = PBXFileReference; fileEncoding = 4; lastKnownFileType = sourcecode.swift; path = Method.swift; sourceTree = "<group>"; };
		34A057B01E3A1880005DEB6E /* Route.swift */ = {isa = PBXFileReference; fileEncoding = 4; lastKnownFileType = sourcecode.swift; path = Route.swift; sourceTree = "<group>"; };
		34A057B21E3A198B005DEB6E /* ServerConfig.swift */ = {isa = PBXFileReference; fileEncoding = 4; lastKnownFileType = sourcecode.swift; path = ServerConfig.swift; sourceTree = "<group>"; };
		34A057B41E3A19C9005DEB6E /* Parsable.swift */ = {isa = PBXFileReference; fileEncoding = 4; lastKnownFileType = sourcecode.swift; path = Parsable.swift; sourceTree = "<group>"; };
		34A057B61E3A1AF8005DEB6E /* BBCError.swift */ = {isa = PBXFileReference; fileEncoding = 4; lastKnownFileType = sourcecode.swift; path = BBCError.swift; sourceTree = "<group>"; };
		5A3D037BAA47FCD3715DBAA5 /* Pods-bbc-feed-reader.debug.xcconfig */ = {isa = PBXFileReference; includeInIndex = 1; lastKnownFileType = text.xcconfig; name = "Pods-bbc-feed-reader.debug.xcconfig"; path = "Pods/Target Support Files/Pods-bbc-feed-reader/Pods-bbc-feed-reader.debug.xcconfig"; sourceTree = "<group>"; };
		7F200176DF7C8EFEDB73731C /* Pods-bbc-feed-reader.release.xcconfig */ = {isa = PBXFileReference; includeInIndex = 1; lastKnownFileType = text.xcconfig; name = "Pods-bbc-feed-reader.release.xcconfig"; path = "Pods/Target Support Files/Pods-bbc-feed-reader/Pods-bbc-feed-reader.release.xcconfig"; sourceTree = "<group>"; };
/* End PBXFileReference section */

/* Begin PBXFrameworksBuildPhase section */
		342E562F1E38C3D400549A3B /* Frameworks */ = {
			isa = PBXFrameworksBuildPhase;
			buildActionMask = 2147483647;
			files = (
				88638FC40DD49E5768EE3041 /* Pods_bbc_feed_reader.framework in Frameworks */,
			);
			runOnlyForDeploymentPostprocessing = 0;
		};
/* End PBXFrameworksBuildPhase section */

/* Begin PBXGroup section */
		342E56291E38C3D400549A3B = {
			isa = PBXGroup;
			children = (
				342E56341E38C3D400549A3B /* bbc-feed-reader */,
				342E56331E38C3D400549A3B /* Products */,
				59800656CE881F02E99BFAF3 /* Pods */,
				7035ADD98A1D01AC5DF8E0F1 /* Frameworks */,
			);
			sourceTree = "<group>";
		};
		342E56331E38C3D400549A3B /* Products */ = {
			isa = PBXGroup;
			children = (
				342E56321E38C3D400549A3B /* bbc-feed-reader.app */,
			);
			name = Products;
			sourceTree = "<group>";
		};
		342E56341E38C3D400549A3B /* bbc-feed-reader */ = {
			isa = PBXGroup;
			children = (
				34A057621E3A0942005DEB6E /* Api */,
				34A057641E3A0952005DEB6E /* Helpers */,
				34A057651E3A095C005DEB6E /* Storage */,
				34A057631E3A094A005DEB6E /* Library */,
				342E564D1E38C8F900549A3B /* DataSources */,
				342E564C1E38C8F300549A3B /* ViewModels */,
				342E564B1E38C8ED00549A3B /* Views */,
				342E564A1E38C3FA00549A3B /* Supporting Files */,
			);
			path = "bbc-feed-reader";
			sourceTree = "<group>";
		};
		342E564A1E38C3FA00549A3B /* Supporting Files */ = {
			isa = PBXGroup;
			children = (
				342E56441E38C3D400549A3B /* Info.plist */,
				342E56411E38C3D400549A3B /* LaunchScreen.storyboard */,
				342E563F1E38C3D400549A3B /* Assets.xcassets */,
				342E56351E38C3D400549A3B /* AppDelegate.swift */,
			);
			name = "Supporting Files";
			sourceTree = "<group>";
		};
		342E564B1E38C8ED00549A3B /* Views */ = {
			isa = PBXGroup;
			children = (
				342E56501E38C92800549A3B /* Storyboards */,
				342E564F1E38C92000549A3B /* Cells */,
				342E564E1E38C91800549A3B /* Controllers */,
			);
			name = Views;
			sourceTree = "<group>";
		};
		342E564C1E38C8F300549A3B /* ViewModels */ = {
			isa = PBXGroup;
			children = (
				34A0576C1E3A0C53005DEB6E /* ControllersViewModels */,
			);
			name = ViewModels;
			sourceTree = "<group>";
		};
		342E564D1E38C8F900549A3B /* DataSources */ = {
			isa = PBXGroup;
			children = (
			);
			name = DataSources;
			sourceTree = "<group>";
		};
		342E564E1E38C91800549A3B /* Controllers */ = {
			isa = PBXGroup;
			children = (
				34A057681E3A0A7E005DEB6E /* RootTabBarViewController.swift */,
			);
			name = Controllers;
			sourceTree = "<group>";
		};
		342E564F1E38C92000549A3B /* Cells */ = {
			isa = PBXGroup;
			children = (
			);
			name = Cells;
			sourceTree = "<group>";
		};
		342E56501E38C92800549A3B /* Storyboards */ = {
			isa = PBXGroup;
			children = (
				342E56391E38C3D400549A3B /* Main.storyboard */,
			);
			name = Storyboards;
			sourceTree = "<group>";
		};
		34A057621E3A0942005DEB6E /* Api */ = {
			isa = PBXGroup;
			children = (
				34A057671E3A097A005DEB6E /* Models */,
				34A057661E3A0973005DEB6E /* Parsers */,
				34A057AE1E3A183D005DEB6E /* Method.swift */,
				34A057B01E3A1880005DEB6E /* Route.swift */,
				345DA4EB1E3A1FE000D0CA1E /* ApiService.swift */,
				34A057B21E3A198B005DEB6E /* ServerConfig.swift */,
				34A057B41E3A19C9005DEB6E /* Parsable.swift */,
			);
			name = Api;
			sourceTree = "<group>";
		};
		34A057631E3A094A005DEB6E /* Library */ = {
			isa = PBXGroup;
			children = (
				34A057A61E3A1619005DEB6E /* Storyboard.swift */,
				34A057A81E3A168A005DEB6E /* AppEnvironment.swift */,
				34A057A91E3A168A005DEB6E /* Environment.swift */,
			);
			name = Library;
			sourceTree = "<group>";
		};
		34A057641E3A0952005DEB6E /* Helpers */ = {
			isa = PBXGroup;
			children = (
				34A057951E3A0FDB005DEB6E /* UIView+Binding.swift */,
				34A057911E3A0F66005DEB6E /* UITableViewCell+Reusing.swift */,
				34A057921E3A0F66005DEB6E /* UICollectionViewCell+Reusing.swift */,
				34A057971E3A11BF005DEB6E /* UIViewController+Binding.swift */,
				34A057981E3A11BF005DEB6E /* UIViewController+Storyboard.swift */,
				34A0579B1E3A12A3005DEB6E /* Signal+Observing.swift */,
				34A057A01E3A1373005DEB6E /* Date+Format.swift */,
			);
			name = Helpers;
			sourceTree = "<group>";
		};
		34A057651E3A095C005DEB6E /* Storage */ = {
			isa = PBXGroup;
			children = (
				342E563C1E38C3D400549A3B /* bbc_feed_reader.xcdatamodeld */,
				345DA4EF1E3A261900D0CA1E /* StorageService.swift */,
				345DA4F01E3A261900D0CA1E /* NewsPost+CoreData.swift */,
			);
			name = Storage;
			sourceTree = "<group>";
		};
		34A057661E3A0973005DEB6E /* Parsers */ = {
			isa = PBXGroup;
			children = (
				345DA4ED1E3A226400D0CA1E /* NewsPost+Parsable.swift */,
			);
			name = Parsers;
			sourceTree = "<group>";
		};
		34A057671E3A097A005DEB6E /* Models */ = {
			isa = PBXGroup;
			children = (
				34A057B61E3A1AF8005DEB6E /* BBCError.swift */,
				345DA4E91E3A1F1E00D0CA1E /* NewsPost.swift */,
				34A057AC1E3A174D005DEB6E /* NewsCategory.swift */,
			);
			name = Models;
			sourceTree = "<group>";
		};
		34A0576C1E3A0C53005DEB6E /* ControllersViewModels */ = {
			isa = PBXGroup;
			children = (
				34A0576A1E3A0C48005DEB6E /* RootViewModel.swift */,
			);
			name = ControllersViewModels;
			sourceTree = "<group>";
		};
		59800656CE881F02E99BFAF3 /* Pods */ = {
			isa = PBXGroup;
			children = (
				5A3D037BAA47FCD3715DBAA5 /* Pods-bbc-feed-reader.debug.xcconfig */,
				7F200176DF7C8EFEDB73731C /* Pods-bbc-feed-reader.release.xcconfig */,
			);
			name = Pods;
			sourceTree = "<group>";
		};
		7035ADD98A1D01AC5DF8E0F1 /* Frameworks */ = {
			isa = PBXGroup;
			children = (
				0FF6DF77B1981F04F50A1B41 /* Pods_bbc_feed_reader.framework */,
			);
			name = Frameworks;
			sourceTree = "<group>";
		};
/* End PBXGroup section */

/* Begin PBXNativeTarget section */
		342E56311E38C3D400549A3B /* bbc-feed-reader */ = {
			isa = PBXNativeTarget;
			buildConfigurationList = 342E56471E38C3D400549A3B /* Build configuration list for PBXNativeTarget "bbc-feed-reader" */;
			buildPhases = (
				972D84A271B4C52F96417DC0 /* [CP] Check Pods Manifest.lock */,
				342E562E1E38C3D400549A3B /* Sources */,
				342E562F1E38C3D400549A3B /* Frameworks */,
				342E56301E38C3D400549A3B /* Resources */,
				F7F479759FE89E5D2CAB2097 /* [CP] Embed Pods Frameworks */,
				F86021C9F7715C69755C8B76 /* [CP] Copy Pods Resources */,
			);
			buildRules = (
			);
			dependencies = (
			);
			name = "bbc-feed-reader";
			productName = "bbc-feed-reader";
			productReference = 342E56321E38C3D400549A3B /* bbc-feed-reader.app */;
			productType = "com.apple.product-type.application";
		};
/* End PBXNativeTarget section */

/* Begin PBXProject section */
		342E562A1E38C3D400549A3B /* Project object */ = {
			isa = PBXProject;
			attributes = {
				LastSwiftUpdateCheck = 0820;
				LastUpgradeCheck = 0820;
				ORGANIZATIONNAME = ArmanTagbergenev;
				TargetAttributes = {
					342E56311E38C3D400549A3B = {
						CreatedOnToolsVersion = 8.2.1;
						DevelopmentTeam = Q4H9CKVU29;
						ProvisioningStyle = Automatic;
					};
				};
			};
			buildConfigurationList = 342E562D1E38C3D400549A3B /* Build configuration list for PBXProject "bbc-feed-reader" */;
			compatibilityVersion = "Xcode 3.2";
			developmentRegion = English;
			hasScannedForEncodings = 0;
			knownRegions = (
				en,
				Base,
			);
			mainGroup = 342E56291E38C3D400549A3B;
			productRefGroup = 342E56331E38C3D400549A3B /* Products */;
			projectDirPath = "";
			projectRoot = "";
			targets = (
				342E56311E38C3D400549A3B /* bbc-feed-reader */,
			);
		};
/* End PBXProject section */

/* Begin PBXResourcesBuildPhase section */
		342E56301E38C3D400549A3B /* Resources */ = {
			isa = PBXResourcesBuildPhase;
			buildActionMask = 2147483647;
			files = (
				342E56431E38C3D400549A3B /* LaunchScreen.storyboard in Resources */,
				342E56401E38C3D400549A3B /* Assets.xcassets in Resources */,
				342E563B1E38C3D400549A3B /* Main.storyboard in Resources */,
			);
			runOnlyForDeploymentPostprocessing = 0;
		};
/* End PBXResourcesBuildPhase section */

/* Begin PBXShellScriptBuildPhase section */
		972D84A271B4C52F96417DC0 /* [CP] Check Pods Manifest.lock */ = {
			isa = PBXShellScriptBuildPhase;
			buildActionMask = 2147483647;
			files = (
			);
			inputPaths = (
			);
			name = "[CP] Check Pods Manifest.lock";
			outputPaths = (
			);
			runOnlyForDeploymentPostprocessing = 0;
			shellPath = /bin/sh;
			shellScript = "diff \"${PODS_ROOT}/../Podfile.lock\" \"${PODS_ROOT}/Manifest.lock\" > /dev/null\nif [ $? != 0 ] ; then\n    # print error to STDERR\n    echo \"error: The sandbox is not in sync with the Podfile.lock. Run 'pod install' or update your CocoaPods installation.\" >&2\n    exit 1\nfi\n";
			showEnvVarsInLog = 0;
		};
		F7F479759FE89E5D2CAB2097 /* [CP] Embed Pods Frameworks */ = {
			isa = PBXShellScriptBuildPhase;
			buildActionMask = 2147483647;
			files = (
			);
			inputPaths = (
			);
			name = "[CP] Embed Pods Frameworks";
			outputPaths = (
			);
			runOnlyForDeploymentPostprocessing = 0;
			shellPath = /bin/sh;
			shellScript = "\"${SRCROOT}/Pods/Target Support Files/Pods-bbc-feed-reader/Pods-bbc-feed-reader-frameworks.sh\"\n";
			showEnvVarsInLog = 0;
		};
		F86021C9F7715C69755C8B76 /* [CP] Copy Pods Resources */ = {
			isa = PBXShellScriptBuildPhase;
			buildActionMask = 2147483647;
			files = (
			);
			inputPaths = (
			);
			name = "[CP] Copy Pods Resources";
			outputPaths = (
			);
			runOnlyForDeploymentPostprocessing = 0;
			shellPath = /bin/sh;
			shellScript = "\"${SRCROOT}/Pods/Target Support Files/Pods-bbc-feed-reader/Pods-bbc-feed-reader-resources.sh\"\n";
			showEnvVarsInLog = 0;
		};
/* End PBXShellScriptBuildPhase section */

/* Begin PBXSourcesBuildPhase section */
		342E562E1E38C3D400549A3B /* Sources */ = {
			isa = PBXSourcesBuildPhase;
			buildActionMask = 2147483647;
			files = (
				34A057941E3A0F66005DEB6E /* UICollectionViewCell+Reusing.swift in Sources */,
				34A057931E3A0F66005DEB6E /* UITableViewCell+Reusing.swift in Sources */,
				342E56361E38C3D400549A3B /* AppDelegate.swift in Sources */,
				34A057AB1E3A168A005DEB6E /* Environment.swift in Sources */,
				34A057B31E3A198B005DEB6E /* ServerConfig.swift in Sources */,
				345DA4EA1E3A1F1E00D0CA1E /* NewsPost.swift in Sources */,
				345DA4EC1E3A1FE000D0CA1E /* ApiService.swift in Sources */,
				34A057961E3A0FDB005DEB6E /* UIView+Binding.swift in Sources */,
				34A057AD1E3A174D005DEB6E /* NewsCategory.swift in Sources */,
				34A057A71E3A1619005DEB6E /* Storyboard.swift in Sources */,
				34A057991E3A11BF005DEB6E /* UIViewController+Binding.swift in Sources */,
				34A057AF1E3A183D005DEB6E /* Method.swift in Sources */,
				34A057B11E3A1880005DEB6E /* Route.swift in Sources */,
				345DA4F11E3A261900D0CA1E /* StorageService.swift in Sources */,
				34A057B51E3A19C9005DEB6E /* Parsable.swift in Sources */,
				34A0579C1E3A12A3005DEB6E /* Signal+Observing.swift in Sources */,
				34A057A21E3A1373005DEB6E /* Date+Format.swift in Sources */,
				34A057AA1E3A168A005DEB6E /* AppEnvironment.swift in Sources */,
				34A0579A1E3A11BF005DEB6E /* UIViewController+Storyboard.swift in Sources */,
				34A057691E3A0A7E005DEB6E /* RootTabBarViewController.swift in Sources */,
				34A0576B1E3A0C48005DEB6E /* RootViewModel.swift in Sources */,
				345DA4EE1E3A226400D0CA1E /* NewsPost+Parsable.swift in Sources */,
				34A057B71E3A1AF8005DEB6E /* BBCError.swift in Sources */,
				345DA4F21E3A261900D0CA1E /* NewsPost+CoreData.swift in Sources */,
				342E563E1E38C3D400549A3B /* bbc_feed_reader.xcdatamodeld in Sources */,
			);
			runOnlyForDeploymentPostprocessing = 0;
		};
/* End PBXSourcesBuildPhase section */

/* Begin PBXVariantGroup section */
		342E56391E38C3D400549A3B /* Main.storyboard */ = {
			isa = PBXVariantGroup;
			children = (
				342E563A1E38C3D400549A3B /* Base */,
			);
			name = Main.storyboard;
			sourceTree = "<group>";
		};
		342E56411E38C3D400549A3B /* LaunchScreen.storyboard */ = {
			isa = PBXVariantGroup;
			children = (
				342E56421E38C3D400549A3B /* Base */,
			);
			name = LaunchScreen.storyboard;
			sourceTree = "<group>";
		};
/* End PBXVariantGroup section */

/* Begin XCBuildConfiguration section */
		342E56451E38C3D400549A3B /* Debug */ = {
			isa = XCBuildConfiguration;
			buildSettings = {
				ALWAYS_SEARCH_USER_PATHS = NO;
				CLANG_ANALYZER_NONNULL = YES;
				CLANG_CXX_LANGUAGE_STANDARD = "gnu++0x";
				CLANG_CXX_LIBRARY = "libc++";
				CLANG_ENABLE_MODULES = YES;
				CLANG_ENABLE_OBJC_ARC = YES;
				CLANG_WARN_BOOL_CONVERSION = YES;
				CLANG_WARN_CONSTANT_CONVERSION = YES;
				CLANG_WARN_DIRECT_OBJC_ISA_USAGE = YES_ERROR;
				CLANG_WARN_DOCUMENTATION_COMMENTS = YES;
				CLANG_WARN_EMPTY_BODY = YES;
				CLANG_WARN_ENUM_CONVERSION = YES;
				CLANG_WARN_INFINITE_RECURSION = YES;
				CLANG_WARN_INT_CONVERSION = YES;
				CLANG_WARN_OBJC_ROOT_CLASS = YES_ERROR;
				CLANG_WARN_SUSPICIOUS_MOVE = YES;
				CLANG_WARN_UNREACHABLE_CODE = YES;
				CLANG_WARN__DUPLICATE_METHOD_MATCH = YES;
				"CODE_SIGN_IDENTITY[sdk=iphoneos*]" = "iPhone Developer";
				COPY_PHASE_STRIP = NO;
				DEBUG_INFORMATION_FORMAT = dwarf;
				ENABLE_STRICT_OBJC_MSGSEND = YES;
				ENABLE_TESTABILITY = YES;
				GCC_C_LANGUAGE_STANDARD = gnu99;
				GCC_DYNAMIC_NO_PIC = NO;
				GCC_NO_COMMON_BLOCKS = YES;
				GCC_OPTIMIZATION_LEVEL = 0;
				GCC_PREPROCESSOR_DEFINITIONS = (
					"DEBUG=1",
					"$(inherited)",
				);
				GCC_WARN_64_TO_32_BIT_CONVERSION = YES;
				GCC_WARN_ABOUT_RETURN_TYPE = YES_ERROR;
				GCC_WARN_UNDECLARED_SELECTOR = YES;
				GCC_WARN_UNINITIALIZED_AUTOS = YES_AGGRESSIVE;
				GCC_WARN_UNUSED_FUNCTION = YES;
				GCC_WARN_UNUSED_VARIABLE = YES;
				IPHONEOS_DEPLOYMENT_TARGET = 10.2;
				MTL_ENABLE_DEBUG_INFO = YES;
				ONLY_ACTIVE_ARCH = YES;
				SDKROOT = iphoneos;
				SWIFT_ACTIVE_COMPILATION_CONDITIONS = DEBUG;
				SWIFT_OPTIMIZATION_LEVEL = "-Onone";
			};
			name = Debug;
		};
		342E56461E38C3D400549A3B /* Release */ = {
			isa = XCBuildConfiguration;
			buildSettings = {
				ALWAYS_SEARCH_USER_PATHS = NO;
				CLANG_ANALYZER_NONNULL = YES;
				CLANG_CXX_LANGUAGE_STANDARD = "gnu++0x";
				CLANG_CXX_LIBRARY = "libc++";
				CLANG_ENABLE_MODULES = YES;
				CLANG_ENABLE_OBJC_ARC = YES;
				CLANG_WARN_BOOL_CONVERSION = YES;
				CLANG_WARN_CONSTANT_CONVERSION = YES;
				CLANG_WARN_DIRECT_OBJC_ISA_USAGE = YES_ERROR;
				CLANG_WARN_DOCUMENTATION_COMMENTS = YES;
				CLANG_WARN_EMPTY_BODY = YES;
				CLANG_WARN_ENUM_CONVERSION = YES;
				CLANG_WARN_INFINITE_RECURSION = YES;
				CLANG_WARN_INT_CONVERSION = YES;
				CLANG_WARN_OBJC_ROOT_CLASS = YES_ERROR;
				CLANG_WARN_SUSPICIOUS_MOVE = YES;
				CLANG_WARN_UNREACHABLE_CODE = YES;
				CLANG_WARN__DUPLICATE_METHOD_MATCH = YES;
				"CODE_SIGN_IDENTITY[sdk=iphoneos*]" = "iPhone Developer";
				COPY_PHASE_STRIP = NO;
				DEBUG_INFORMATION_FORMAT = "dwarf-with-dsym";
				ENABLE_NS_ASSERTIONS = NO;
				ENABLE_STRICT_OBJC_MSGSEND = YES;
				GCC_C_LANGUAGE_STANDARD = gnu99;
				GCC_NO_COMMON_BLOCKS = YES;
				GCC_WARN_64_TO_32_BIT_CONVERSION = YES;
				GCC_WARN_ABOUT_RETURN_TYPE = YES_ERROR;
				GCC_WARN_UNDECLARED_SELECTOR = YES;
				GCC_WARN_UNINITIALIZED_AUTOS = YES_AGGRESSIVE;
				GCC_WARN_UNUSED_FUNCTION = YES;
				GCC_WARN_UNUSED_VARIABLE = YES;
				IPHONEOS_DEPLOYMENT_TARGET = 10.2;
				MTL_ENABLE_DEBUG_INFO = NO;
				SDKROOT = iphoneos;
				SWIFT_OPTIMIZATION_LEVEL = "-Owholemodule";
				VALIDATE_PRODUCT = YES;
			};
			name = Release;
		};
		342E56481E38C3D400549A3B /* Debug */ = {
			isa = XCBuildConfiguration;
			baseConfigurationReference = 5A3D037BAA47FCD3715DBAA5 /* Pods-bbc-feed-reader.debug.xcconfig */;
			buildSettings = {
				ASSETCATALOG_COMPILER_APPICON_NAME = AppIcon;
				DEVELOPMENT_TEAM = Q4H9CKVU29;
				INFOPLIST_FILE = "bbc-feed-reader/Info.plist";
				IPHONEOS_DEPLOYMENT_TARGET = 8.0;
				LD_RUNPATH_SEARCH_PATHS = "$(inherited) @executable_path/Frameworks";
				PRODUCT_BUNDLE_IDENTIFIER = "tag-arman.ru.bbc-feed-reader";
				PRODUCT_NAME = "$(TARGET_NAME)";
				SWIFT_VERSION = 3.0;
			};
			name = Debug;
		};
		342E56491E38C3D400549A3B /* Release */ = {
			isa = XCBuildConfiguration;
			baseConfigurationReference = 7F200176DF7C8EFEDB73731C /* Pods-bbc-feed-reader.release.xcconfig */;
			buildSettings = {
				ASSETCATALOG_COMPILER_APPICON_NAME = AppIcon;
				DEVELOPMENT_TEAM = Q4H9CKVU29;
				INFOPLIST_FILE = "bbc-feed-reader/Info.plist";
				IPHONEOS_DEPLOYMENT_TARGET = 8.0;
				LD_RUNPATH_SEARCH_PATHS = "$(inherited) @executable_path/Frameworks";
				PRODUCT_BUNDLE_IDENTIFIER = "tag-arman.ru.bbc-feed-reader";
				PRODUCT_NAME = "$(TARGET_NAME)";
				SWIFT_VERSION = 3.0;
			};
			name = Release;
		};
/* End XCBuildConfiguration section */

/* Begin XCConfigurationList section */
		342E562D1E38C3D400549A3B /* Build configuration list for PBXProject "bbc-feed-reader" */ = {
			isa = XCConfigurationList;
			buildConfigurations = (
				342E56451E38C3D400549A3B /* Debug */,
				342E56461E38C3D400549A3B /* Release */,
			);
			defaultConfigurationIsVisible = 0;
			defaultConfigurationName = Release;
		};
		342E56471E38C3D400549A3B /* Build configuration list for PBXNativeTarget "bbc-feed-reader" */ = {
			isa = XCConfigurationList;
			buildConfigurations = (
				342E56481E38C3D400549A3B /* Debug */,
				342E56491E38C3D400549A3B /* Release */,
			);
			defaultConfigurationIsVisible = 0;
			defaultConfigurationName = Release;
		};
/* End XCConfigurationList section */

/* Begin XCVersionGroup section */
		342E563C1E38C3D400549A3B /* bbc_feed_reader.xcdatamodeld */ = {
			isa = XCVersionGroup;
			children = (
				342E563D1E38C3D400549A3B /* bbc_feed_reader.xcdatamodel */,
			);
			currentVersion = 342E563D1E38C3D400549A3B /* bbc_feed_reader.xcdatamodel */;
			path = bbc_feed_reader.xcdatamodeld;
			sourceTree = "<group>";
			versionGroupType = wrapper.xcdatamodel;
		};
/* End XCVersionGroup section */
	};
	rootObject = 342E562A1E38C3D400549A3B /* Project object */;
}
